{
  "nodes": {
    "home-manager": {
      "inputs": {
        "nixpkgs": [
          "nixpkgs"
        ],
        "utils": "utils"
      },
      "locked": {
        "lastModified": 1676257154,
        "narHash": "sha256-eW3jymNLpdxS5fkp9NWKyNtgL0Gqtgg1vCTofKXDF1g=",
        "owner": "nix-community",
        "repo": "home-manager",
        "rev": "2cb27c79117a2a75ff3416c3199a2dc57af6a527",
        "type": "github"
      },
      "original": {
        "owner": "nix-community",
        "ref": "release-22.11",
        "repo": "home-manager",
        "type": "github"
      }
    },
    "impermanence": {
      "locked": {
        "lastModified": 1675359654,
        "narHash": "sha256-FPxzuvJkcO49g4zkWLSeuZkln54bLoTtrggZDJBH90I=",
        "owner": "nix-community",
        "repo": "impermanence",
        "rev": "6138eb8e737bffabd4c8fc78ae015d4fd6a7e2fd",
        "type": "github"
      },
      "original": {
        "owner": "nix-community",
        "repo": "impermanence",
        "type": "github"
      }
    },
    "nixpkgs": {
      "locked": {
        "lastModified": 1676546582,
        "narHash": "sha256-MJ+PXNmUyxnMTFoss7G2lEcUY2cfYZM6RudBAL5aX1k=",
        "owner": "NixOS",
        "repo": "nixpkgs",
        "rev": "2fb7d749c084890192b2cd08ba264e5e4a14df1b",
        "type": "github"
      },
      "original": {
        "owner": "NixOS",
        "ref": "nixos-22.11",
        "repo": "nixpkgs",
        "type": "github"
      }
    },
    "nixpkgs-stable": {
      "locked": {
        "lastModified": 1676162277,
        "narHash": "sha256-GK3cnvKNo1l0skGYXXiLJ/TLqdKyIYXd7jOlo0gN+Qw=",
        "owner": "NixOS",
        "repo": "nixpkgs",
        "rev": "d863ca850a06d91365c01620dcac342574ecf46f",
        "type": "github"
      },
      "original": {
        "owner": "NixOS",
        "ref": "release-22.11",
        "repo": "nixpkgs",
        "type": "github"
      }
    },
    "nixpkgs_2": {
      "locked": {
        "lastModified": 1675940568,
        "narHash": "sha256-epG6pOT9V0kS+FUqd7R6/CWkgnZx2DMT5Veqo+y6G3c=",
        "owner": "NixOS",
        "repo": "nixpkgs",
        "rev": "6ccc4a59c3f1b56d039d93da52696633e641bc71",
        "type": "github"
      },
      "original": {
        "owner": "NixOS",
        "ref": "nixpkgs-unstable",
        "repo": "nixpkgs",
        "type": "github"
      }
    },
    "root": {
      "inputs": {
        "home-manager": "home-manager",
        "impermanence": "impermanence",
        "nixpkgs": "nixpkgs",
        "sops-nix": "sops-nix",
        "website": "website"
      }
    },
    "sops-nix": {
      "inputs": {
        "nixpkgs": "nixpkgs_2",
        "nixpkgs-stable": "nixpkgs-stable"
      },
      "locked": {
        "lastModified": 1676171095,
        "narHash": "sha256-2laeSjBAAJ9e/C3uTIPb287iX8qeVLtWiilw1uxqG+A=",
        "owner": "Mic92",
        "repo": "sops-nix",
        "rev": "c5dab21d8706afc7ceb05c23d4244dcb48d6aade",
        "type": "github"
      },
      "original": {
        "owner": "Mic92",
        "repo": "sops-nix",
        "type": "github"
      }
    },
    "utils": {
      "locked": {
        "lastModified": 1667395993,
        "narHash": "sha256-nuEHfE/LcWyuSWnS8t12N1wc105Qtau+/OdUAjtQ0rA=",
        "owner": "numtide",
        "repo": "flake-utils",
        "rev": "5aed5285a952e0b949eb3ba02c12fa4fcfef535f",
        "type": "github"
      },
      "original": {
        "owner": "numtide",
        "repo": "flake-utils",
        "type": "github"
      }
    },
    "website": {
      "flake": false,
      "locked": {
        "lastModified": 1675856904,
        "narHash": "sha256-HcTjDUnIb00Cp2SPHWt2F6KuWouLC4QrXCocKCHMpYc=",
        "ref": "main",
        "rev": "371d3c5f86652da76d02096b5598fbc4d301736f",
        "revCount": 7,
        "type": "git",
        "url": "https://codeberg.org/nklsfrt/nklsfrt.de"
      },
      "original": {
        "ref": "main",
        "type": "git",
        "url": "https://codeberg.org/nklsfrt/nklsfrt.de"
      }
    }
  },
  "root": "root",
  "version": 7
}
