{
  "nodes": {
    "home-manager": {
      "inputs": {
        "nixpkgs": [
          "nixpkgs"
        ],
        "utils": "utils"
      },
      "locked": {
        "lastModified": 1674440933,
        "narHash": "sha256-CASRcD/rK3fn5vUCti3jzry7zi0GsqRsBohNq9wPgLs=",
        "owner": "nix-community",
        "repo": "home-manager",
        "rev": "65c47ced082e3353113614f77b1bc18822dc731f",
        "type": "github"
      },
      "original": {
        "owner": "nix-community",
        "ref": "release-22.11",
        "repo": "home-manager",
        "type": "github"
      }
    },
    "impermanence": {
      "locked": {
        "lastModified": 1675359654,
        "narHash": "sha256-FPxzuvJkcO49g4zkWLSeuZkln54bLoTtrggZDJBH90I=",
        "owner": "nix-community",
        "repo": "impermanence",
        "rev": "6138eb8e737bffabd4c8fc78ae015d4fd6a7e2fd",
        "type": "github"
      },
      "original": {
        "owner": "nix-community",
        "repo": "impermanence",
        "type": "github"
      }
    },
    "nixpkgs": {
      "locked": {
        "lastModified": 1675757258,
        "narHash": "sha256-pIRer8vdsoherlRKpzfnHbMZ5TsAcvRlXHCIaHkIUbg=",
        "owner": "NixOS",
        "repo": "nixpkgs",
        "rev": "af96094e9b8eb162d70a84fa3b39f4b7a8b264d2",
        "type": "github"
      },
      "original": {
        "owner": "NixOS",
        "ref": "nixos-22.11",
        "repo": "nixpkgs",
        "type": "github"
      }
    },
    "nixpkgs-stable": {
      "locked": {
        "lastModified": 1675556398,
        "narHash": "sha256-5Gf5KlmFXfIGVQb2hmiiE7FQHoLd4UtEhIolLQvNB/A=",
        "owner": "NixOS",
        "repo": "nixpkgs",
        "rev": "e32c33811815ca4a535a16faf1c83eeb4493145b",
        "type": "github"
      },
      "original": {
        "owner": "NixOS",
        "ref": "release-22.11",
        "repo": "nixpkgs",
        "type": "github"
      }
    },
    "nixpkgs_2": {
      "locked": {
        "lastModified": 1675523619,
        "narHash": "sha256-jHvkAwkbAj1s0O5riHMghSDHh9iz8AwLTbXQuVQKQcg=",
        "owner": "NixOS",
        "repo": "nixpkgs",
        "rev": "5a211d5e8d18b20b5a2b22157266cc00f8c4f3b9",
        "type": "github"
      },
      "original": {
        "owner": "NixOS",
        "ref": "nixpkgs-unstable",
        "repo": "nixpkgs",
        "type": "github"
      }
    },
    "root": {
      "inputs": {
        "home-manager": "home-manager",
        "impermanence": "impermanence",
        "nixpkgs": "nixpkgs",
        "sops-nix": "sops-nix",
        "website": "website"
      }
    },
    "sops-nix": {
      "inputs": {
        "nixpkgs": "nixpkgs_2",
        "nixpkgs-stable": "nixpkgs-stable"
      },
      "locked": {
        "lastModified": 1675872570,
        "narHash": "sha256-RPH3CeTv7ixC2WcYiKyhmIgoH/9tur4Kr+3Vg/pleQk=",
        "owner": "Mic92",
        "repo": "sops-nix",
        "rev": "8fec29b009c19538e68d5d814ec74e04f662fbd1",
        "type": "github"
      },
      "original": {
        "owner": "Mic92",
        "repo": "sops-nix",
        "type": "github"
      }
    },
    "utils": {
      "locked": {
        "lastModified": 1667395993,
        "narHash": "sha256-nuEHfE/LcWyuSWnS8t12N1wc105Qtau+/OdUAjtQ0rA=",
        "owner": "numtide",
        "repo": "flake-utils",
        "rev": "5aed5285a952e0b949eb3ba02c12fa4fcfef535f",
        "type": "github"
      },
      "original": {
        "owner": "numtide",
        "repo": "flake-utils",
        "type": "github"
      }
    },
    "website": {
      "flake": false,
      "locked": {
        "lastModified": 1675856904,
        "narHash": "sha256-HcTjDUnIb00Cp2SPHWt2F6KuWouLC4QrXCocKCHMpYc=",
        "ref": "main",
        "rev": "371d3c5f86652da76d02096b5598fbc4d301736f",
        "revCount": 7,
        "type": "git",
        "url": "https://codeberg.org/nklsfrt/nklsfrt.de"
      },
      "original": {
        "ref": "main",
        "type": "git",
        "url": "https://codeberg.org/nklsfrt/nklsfrt.de"
      }
    }
  },
  "root": "root",
  "version": 7
}
